
Microsoft Visual Studio Solution File, Format Version 12.00
# Visual Studio Version 16
VisualStudioVersion = 16.0.29709.97
MinimumVisualStudioVersion = 10.0.40219.1
Project("{9A19103F-16F7-4668-BE54-9A1E7A4F7556}") = "PCPieceTracker", "PCPieceTracker\PCPieceTracker.csproj", "{020562CC-BA60-4AEB-861C-CA749F995531}"
EndProject
Project("{FAE04EC0-301F-11D3-BF4B-00C04F79EFBC}") = "XUnitTestApiProjetWeb", "XUnitTestApiProjetWeb\XUnitTestApiProjetWeb.csproj", "{7DBE3626-08E7-40B5-9AB2-6F0148A5AC6A}"
EndProject
Global
	GlobalSection(SolutionConfigurationPlatforms) = preSolution
		Debug|Any CPU = Debug|Any CPU
		Release|Any CPU = Release|Any CPU
	EndGlobalSection
	GlobalSection(ProjectConfigurationPlatforms) = postSolution
		{020562CC-BA60-4AEB-861C-CA749F995531}.Debug|Any CPU.ActiveCfg = Debug|Any CPU
		{020562CC-BA60-4AEB-861C-CA749F995531}.Debug|Any CPU.Build.0 = Debug|Any CPU
		{020562CC-BA60-4AEB-861C-CA749F995531}.Release|Any CPU.ActiveCfg = Release|Any CPU
		{020562CC-BA60-4AEB-861C-CA749F995531}.Release|Any CPU.Build.0 = Release|Any CPU
		{7DBE3626-08E7-40B5-9AB2-6F0148A5AC6A}.Debug|Any CPU.ActiveCfg = Debug|Any CPU
		{7DBE3626-08E7-40B5-9AB2-6F0148A5AC6A}.Debug|Any CPU.Build.0 = Debug|Any CPU
		{7DBE3626-08E7-40B5-9AB2-6F0148A5AC6A}.Release|Any CPU.ActiveCfg = Release|Any CPU
		{7DBE3626-08E7-40B5-9AB2-6F0148A5AC6A}.Release|Any CPU.Build.0 = Release|Any CPU
	EndGlobalSection
	GlobalSection(SolutionProperties) = preSolution
		HideSolutionNode = FALSE
	EndGlobalSection
	GlobalSection(ExtensibilityGlobals) = postSolution
		SolutionGuid = {ED107056-104E-4A53-B819-064CF5798AC3}
	EndGlobalSection
EndGlobal
